
Microsoft Visual Studio Solution File, Format Version 12.00
# Visual Studio Version 17
VisualStudioVersion = 17.6.33723.286
MinimumVisualStudioVersion = 10.0.40219.1
Project("{FAE04EC0-301F-11D3-BF4B-00C04F79EFBC}") = "ITCompany", "ITCompany\ITCompany.csproj", "{E060D2A2-67FA-43B2-85D0-621C1553E2D5}"
EndProject
Global
	GlobalSection(SolutionConfigurationPlatforms) = preSolution
		Debug|Any CPU = Debug|Any CPU
		Release|Any CPU = Release|Any CPU
	EndGlobalSection
	GlobalSection(ProjectConfigurationPlatforms) = postSolution
		{E060D2A2-67FA-43B2-85D0-621C1553E2D5}.Debug|Any CPU.ActiveCfg = Debug|Any CPU
		{E060D2A2-67FA-43B2-85D0-621C1553E2D5}.Debug|Any CPU.Build.0 = Debug|Any CPU
		{E060D2A2-67FA-43B2-85D0-621C1553E2D5}.Release|Any CPU.ActiveCfg = Release|Any CPU
		{E060D2A2-67FA-43B2-85D0-621C1553E2D5}.Release|Any CPU.Build.0 = Release|Any CPU
	EndGlobalSection
	GlobalSection(SolutionProperties) = preSolution
		HideSolutionNode = FALSE
	EndGlobalSection
	GlobalSection(ExtensibilityGlobals) = postSolution
		SolutionGuid = {07DB03AD-7E05-48AF-8774-9745572C32CE}
	EndGlobalSection
EndGlobal
